
Microsoft Visual Studio Solution File, Format Version 12.00
# Visual Studio 2012
Project("{E24C65DC-7377-472B-9ABA-BC803B73C61A}") = "P2013_Equipe1", ".", "{D78160FC-4CB8-48E3-B97B-C1A9EE5DD654}"
	ProjectSection(WebsiteProperties) = preProject
		TargetFrameworkMoniker = ".NETFramework,Version%3Dv4.5"
		Debug.AspNetCompiler.VirtualPath = "/PresenceWeb"
		Debug.AspNetCompiler.PhysicalPath = "..\..\..\..\Google Drive\Technique Informatique\5eme session\Projet de session\PresenceWeb\"
		Debug.AspNetCompiler.TargetPath = "PrecompiledWeb\PresenceWeb\"
		Debug.AspNetCompiler.Updateable = "true"
		Debug.AspNetCompiler.ForceOverwrite = "true"
		Debug.AspNetCompiler.FixedNames = "false"
		Debug.AspNetCompiler.Debug = "True"
		Release.AspNetCompiler.VirtualPath = "/PresenceWeb"
		Release.AspNetCompiler.PhysicalPath = "..\..\..\..\Google Drive\Technique Informatique\5eme session\Projet de session\PresenceWeb\"
		Release.AspNetCompiler.TargetPath = "PrecompiledWeb\PresenceWeb\"
		Release.AspNetCompiler.Updateable = "true"
		Release.AspNetCompiler.ForceOverwrite = "true"
		Release.AspNetCompiler.FixedNames = "false"
		Release.AspNetCompiler.Debug = "False"
		VWDPort = "7052"
	EndProjectSection
EndProject
Global
	GlobalSection(SolutionConfigurationPlatforms) = preSolution
		Debug|Any CPU = Debug|Any CPU
	EndGlobalSection
	GlobalSection(ProjectConfigurationPlatforms) = postSolution
		{D78160FC-4CB8-48E3-B97B-C1A9EE5DD654}.Debug|Any CPU.ActiveCfg = Debug|Any CPU
		{D78160FC-4CB8-48E3-B97B-C1A9EE5DD654}.Debug|Any CPU.Build.0 = Debug|Any CPU
	EndGlobalSection
	GlobalSection(SolutionProperties) = preSolution
		HideSolutionNode = FALSE
	EndGlobalSection
EndGlobal
